
Microsoft Visual Studio Solution File, Format Version 12.00
# Visual Studio Version 16
VisualStudioVersion = 16.0.30717.126
MinimumVisualStudioVersion = 10.0.40219.1
Project("{9A19103F-16F7-4668-BE54-9A1E7A4F7556}") = "AdventCode1", "AdventCode\AdventCode1.csproj", "{1FF2A13D-765B-4BD3-AA6C-45F521E4704F}"
EndProject
Project("{9A19103F-16F7-4668-BE54-9A1E7A4F7556}") = "AdventCode2", "AdventCode2\AdventCode2.csproj", "{1CAF810F-A418-4BF5-AC13-AFC24ACD6142}"
EndProject
Project("{9A19103F-16F7-4668-BE54-9A1E7A4F7556}") = "AdventCode3", "AdventCode3\AdventCode3.csproj", "{8EAE110F-B0D4-4F8B-AF39-331D466BB9CB}"
EndProject
Project("{9A19103F-16F7-4668-BE54-9A1E7A4F7556}") = "AdventCode4", "AdventCode4\AdventCode4.csproj", "{546719A3-7DF6-45D7-944B-69A35B224030}"
EndProject
Project("{9A19103F-16F7-4668-BE54-9A1E7A4F7556}") = "AdventCode5", "AdventCode5\AdventCode5.csproj", "{04C35086-2D79-4E7D-A10F-DA4AD091ED2E}"
EndProject
Project("{9A19103F-16F7-4668-BE54-9A1E7A4F7556}") = "AdventCode6", "AdventCode6\AdventCode6.csproj", "{3F942138-F60E-4D5F-AA90-ED3B54569B31}"
EndProject
Project("{9A19103F-16F7-4668-BE54-9A1E7A4F7556}") = "AdventCode7", "AdventCode7\AdventCode7.csproj", "{140EBA99-6135-4BF7-860E-A28CDA2DD908}"
EndProject
Project("{9A19103F-16F7-4668-BE54-9A1E7A4F7556}") = "AdventCode8", "AdventCode8\AdventCode8.csproj", "{4F144DEA-BA72-4922-A7F4-739FB9D984C3}"
EndProject
Project("{9A19103F-16F7-4668-BE54-9A1E7A4F7556}") = "AdventCode9", "AdventCode9\AdventCode9.csproj", "{5261305A-0363-4257-85CB-EF9CEDE0D3D8}"
EndProject
Project("{9A19103F-16F7-4668-BE54-9A1E7A4F7556}") = "AdventCode10", "AdventCode10\AdventCode10.csproj", "{5769E29A-B360-4A6D-94C5-F9CE8E0676EB}"
EndProject
Project("{9A19103F-16F7-4668-BE54-9A1E7A4F7556}") = "AdventCode11", "AdventCode11\AdventCode11.csproj", "{A7384594-35AF-4B27-9D32-025972DAD386}"
EndProject
Project("{9A19103F-16F7-4668-BE54-9A1E7A4F7556}") = "AdventCode12", "AdventCode12\AdventCode12.csproj", "{908800B2-F67B-4477-87B9-E5FA5B23FB47}"
EndProject
Project("{9A19103F-16F7-4668-BE54-9A1E7A4F7556}") = "AdventCode13", "AdventCode13\AdventCode13.csproj", "{77D11583-DD34-4870-8CCF-FB8B287B4C92}"
EndProject
Project("{9A19103F-16F7-4668-BE54-9A1E7A4F7556}") = "AdventCode14", "AdventCode14\AdventCode14.csproj", "{1B33AD58-F90B-438C-9BBE-2169D15AA197}"
EndProject
Project("{9A19103F-16F7-4668-BE54-9A1E7A4F7556}") = "AdventCode15", "AdventCode15\AdventCode15.csproj", "{0AF65B33-0146-461F-BC4D-331EA841E50C}"
EndProject
Project("{9A19103F-16F7-4668-BE54-9A1E7A4F7556}") = "AdventCode16", "AdventCode16\AdventCode16.csproj", "{283FBE0C-10A5-42B1-A9EF-20EE673BFB0B}"
EndProject
Project("{9A19103F-16F7-4668-BE54-9A1E7A4F7556}") = "AdventCode17", "AdventCode17\AdventCode17.csproj", "{FB4120C9-215A-49E8-A025-7C7A5F3CADCE}"
EndProject
Project("{FAE04EC0-301F-11D3-BF4B-00C04F79EFBC}") = "AdventCode18", "AdventCode18\AdventCode18.csproj", "{64F0138C-DF12-40DE-97F7-9C869194AD66}"
EndProject
Project("{FAE04EC0-301F-11D3-BF4B-00C04F79EFBC}") = "AdventCode19", "AdventCode19\AdventCode19.csproj", "{443EB9C5-8165-464E-A0A1-EEDBA730132E}"
EndProject
Global
	GlobalSection(SolutionConfigurationPlatforms) = preSolution
		Debug|Any CPU = Debug|Any CPU
		Release|Any CPU = Release|Any CPU
	EndGlobalSection
	GlobalSection(ProjectConfigurationPlatforms) = postSolution
		{1FF2A13D-765B-4BD3-AA6C-45F521E4704F}.Debug|Any CPU.ActiveCfg = Debug|Any CPU
		{1FF2A13D-765B-4BD3-AA6C-45F521E4704F}.Debug|Any CPU.Build.0 = Debug|Any CPU
		{1FF2A13D-765B-4BD3-AA6C-45F521E4704F}.Release|Any CPU.ActiveCfg = Release|Any CPU
		{1FF2A13D-765B-4BD3-AA6C-45F521E4704F}.Release|Any CPU.Build.0 = Release|Any CPU
		{1CAF810F-A418-4BF5-AC13-AFC24ACD6142}.Debug|Any CPU.ActiveCfg = Debug|Any CPU
		{1CAF810F-A418-4BF5-AC13-AFC24ACD6142}.Debug|Any CPU.Build.0 = Debug|Any CPU
		{1CAF810F-A418-4BF5-AC13-AFC24ACD6142}.Release|Any CPU.ActiveCfg = Release|Any CPU
		{1CAF810F-A418-4BF5-AC13-AFC24ACD6142}.Release|Any CPU.Build.0 = Release|Any CPU
		{8EAE110F-B0D4-4F8B-AF39-331D466BB9CB}.Debug|Any CPU.ActiveCfg = Debug|Any CPU
		{8EAE110F-B0D4-4F8B-AF39-331D466BB9CB}.Debug|Any CPU.Build.0 = Debug|Any CPU
		{8EAE110F-B0D4-4F8B-AF39-331D466BB9CB}.Release|Any CPU.ActiveCfg = Release|Any CPU
		{8EAE110F-B0D4-4F8B-AF39-331D466BB9CB}.Release|Any CPU.Build.0 = Release|Any CPU
		{546719A3-7DF6-45D7-944B-69A35B224030}.Debug|Any CPU.ActiveCfg = Debug|Any CPU
		{546719A3-7DF6-45D7-944B-69A35B224030}.Debug|Any CPU.Build.0 = Debug|Any CPU
		{546719A3-7DF6-45D7-944B-69A35B224030}.Release|Any CPU.ActiveCfg = Release|Any CPU
		{546719A3-7DF6-45D7-944B-69A35B224030}.Release|Any CPU.Build.0 = Release|Any CPU
		{04C35086-2D79-4E7D-A10F-DA4AD091ED2E}.Debug|Any CPU.ActiveCfg = Debug|Any CPU
		{04C35086-2D79-4E7D-A10F-DA4AD091ED2E}.Debug|Any CPU.Build.0 = Debug|Any CPU
		{04C35086-2D79-4E7D-A10F-DA4AD091ED2E}.Release|Any CPU.ActiveCfg = Release|Any CPU
		{04C35086-2D79-4E7D-A10F-DA4AD091ED2E}.Release|Any CPU.Build.0 = Release|Any CPU
		{3F942138-F60E-4D5F-AA90-ED3B54569B31}.Debug|Any CPU.ActiveCfg = Debug|Any CPU
		{3F942138-F60E-4D5F-AA90-ED3B54569B31}.Debug|Any CPU.Build.0 = Debug|Any CPU
		{3F942138-F60E-4D5F-AA90-ED3B54569B31}.Release|Any CPU.ActiveCfg = Release|Any CPU
		{3F942138-F60E-4D5F-AA90-ED3B54569B31}.Release|Any CPU.Build.0 = Release|Any CPU
		{140EBA99-6135-4BF7-860E-A28CDA2DD908}.Debug|Any CPU.ActiveCfg = Debug|Any CPU
		{140EBA99-6135-4BF7-860E-A28CDA2DD908}.Debug|Any CPU.Build.0 = Debug|Any CPU
		{140EBA99-6135-4BF7-860E-A28CDA2DD908}.Release|Any CPU.ActiveCfg = Release|Any CPU
		{140EBA99-6135-4BF7-860E-A28CDA2DD908}.Release|Any CPU.Build.0 = Release|Any CPU
		{4F144DEA-BA72-4922-A7F4-739FB9D984C3}.Debug|Any CPU.ActiveCfg = Debug|Any CPU
		{4F144DEA-BA72-4922-A7F4-739FB9D984C3}.Debug|Any CPU.Build.0 = Debug|Any CPU
		{4F144DEA-BA72-4922-A7F4-739FB9D984C3}.Release|Any CPU.ActiveCfg = Release|Any CPU
		{4F144DEA-BA72-4922-A7F4-739FB9D984C3}.Release|Any CPU.Build.0 = Release|Any CPU
		{5261305A-0363-4257-85CB-EF9CEDE0D3D8}.Debug|Any CPU.ActiveCfg = Debug|Any CPU
		{5261305A-0363-4257-85CB-EF9CEDE0D3D8}.Debug|Any CPU.Build.0 = Debug|Any CPU
		{5261305A-0363-4257-85CB-EF9CEDE0D3D8}.Release|Any CPU.ActiveCfg = Release|Any CPU
		{5261305A-0363-4257-85CB-EF9CEDE0D3D8}.Release|Any CPU.Build.0 = Release|Any CPU
		{5769E29A-B360-4A6D-94C5-F9CE8E0676EB}.Debug|Any CPU.ActiveCfg = Debug|Any CPU
		{5769E29A-B360-4A6D-94C5-F9CE8E0676EB}.Debug|Any CPU.Build.0 = Debug|Any CPU
		{5769E29A-B360-4A6D-94C5-F9CE8E0676EB}.Release|Any CPU.ActiveCfg = Release|Any CPU
		{5769E29A-B360-4A6D-94C5-F9CE8E0676EB}.Release|Any CPU.Build.0 = Release|Any CPU
		{A7384594-35AF-4B27-9D32-025972DAD386}.Debug|Any CPU.ActiveCfg = Debug|Any CPU
		{A7384594-35AF-4B27-9D32-025972DAD386}.Debug|Any CPU.Build.0 = Debug|Any CPU
		{A7384594-35AF-4B27-9D32-025972DAD386}.Release|Any CPU.ActiveCfg = Release|Any CPU
		{A7384594-35AF-4B27-9D32-025972DAD386}.Release|Any CPU.Build.0 = Release|Any CPU
		{908800B2-F67B-4477-87B9-E5FA5B23FB47}.Debug|Any CPU.ActiveCfg = Debug|Any CPU
		{908800B2-F67B-4477-87B9-E5FA5B23FB47}.Debug|Any CPU.Build.0 = Debug|Any CPU
		{908800B2-F67B-4477-87B9-E5FA5B23FB47}.Release|Any CPU.ActiveCfg = Release|Any CPU
		{908800B2-F67B-4477-87B9-E5FA5B23FB47}.Release|Any CPU.Build.0 = Release|Any CPU
		{77D11583-DD34-4870-8CCF-FB8B287B4C92}.Debug|Any CPU.ActiveCfg = Debug|Any CPU
		{77D11583-DD34-4870-8CCF-FB8B287B4C92}.Debug|Any CPU.Build.0 = Debug|Any CPU
		{77D11583-DD34-4870-8CCF-FB8B287B4C92}.Release|Any CPU.ActiveCfg = Release|Any CPU
		{77D11583-DD34-4870-8CCF-FB8B287B4C92}.Release|Any CPU.Build.0 = Release|Any CPU
		{1B33AD58-F90B-438C-9BBE-2169D15AA197}.Debug|Any CPU.ActiveCfg = Debug|Any CPU
		{1B33AD58-F90B-438C-9BBE-2169D15AA197}.Debug|Any CPU.Build.0 = Debug|Any CPU
		{1B33AD58-F90B-438C-9BBE-2169D15AA197}.Release|Any CPU.ActiveCfg = Release|Any CPU
		{1B33AD58-F90B-438C-9BBE-2169D15AA197}.Release|Any CPU.Build.0 = Release|Any CPU
		{0AF65B33-0146-461F-BC4D-331EA841E50C}.Debug|Any CPU.ActiveCfg = Debug|Any CPU
		{0AF65B33-0146-461F-BC4D-331EA841E50C}.Debug|Any CPU.Build.0 = Debug|Any CPU
		{0AF65B33-0146-461F-BC4D-331EA841E50C}.Release|Any CPU.ActiveCfg = Release|Any CPU
		{0AF65B33-0146-461F-BC4D-331EA841E50C}.Release|Any CPU.Build.0 = Release|Any CPU
		{283FBE0C-10A5-42B1-A9EF-20EE673BFB0B}.Debug|Any CPU.ActiveCfg = Debug|Any CPU
		{283FBE0C-10A5-42B1-A9EF-20EE673BFB0B}.Debug|Any CPU.Build.0 = Debug|Any CPU
		{283FBE0C-10A5-42B1-A9EF-20EE673BFB0B}.Release|Any CPU.ActiveCfg = Release|Any CPU
		{283FBE0C-10A5-42B1-A9EF-20EE673BFB0B}.Release|Any CPU.Build.0 = Release|Any CPU
		{FB4120C9-215A-49E8-A025-7C7A5F3CADCE}.Debug|Any CPU.ActiveCfg = Debug|Any CPU
		{FB4120C9-215A-49E8-A025-7C7A5F3CADCE}.Debug|Any CPU.Build.0 = Debug|Any CPU
		{FB4120C9-215A-49E8-A025-7C7A5F3CADCE}.Release|Any CPU.ActiveCfg = Release|Any CPU
		{FB4120C9-215A-49E8-A025-7C7A5F3CADCE}.Release|Any CPU.Build.0 = Release|Any CPU
		{64F0138C-DF12-40DE-97F7-9C869194AD66}.Debug|Any CPU.ActiveCfg = Debug|Any CPU
		{64F0138C-DF12-40DE-97F7-9C869194AD66}.Debug|Any CPU.Build.0 = Debug|Any CPU
		{64F0138C-DF12-40DE-97F7-9C869194AD66}.Release|Any CPU.ActiveCfg = Release|Any CPU
		{64F0138C-DF12-40DE-97F7-9C869194AD66}.Release|Any CPU.Build.0 = Release|Any CPU
		{443EB9C5-8165-464E-A0A1-EEDBA730132E}.Debug|Any CPU.ActiveCfg = Debug|Any CPU
		{443EB9C5-8165-464E-A0A1-EEDBA730132E}.Debug|Any CPU.Build.0 = Debug|Any CPU
		{443EB9C5-8165-464E-A0A1-EEDBA730132E}.Release|Any CPU.ActiveCfg = Release|Any CPU
		{443EB9C5-8165-464E-A0A1-EEDBA730132E}.Release|Any CPU.Build.0 = Release|Any CPU
	EndGlobalSection
	GlobalSection(SolutionProperties) = preSolution
		HideSolutionNode = FALSE
	EndGlobalSection
	GlobalSection(ExtensibilityGlobals) = postSolution
		SolutionGuid = {7506A442-2C65-47FB-B0D0-253BCEF440DD}
	EndGlobalSection
EndGlobal
